PODS:
  - dchs_motion_sensors (0.0.1):
    - Flutter
  - Flutter (1.0.0)

DEPENDENCIES:
  - dchs_motion_sensors (from `.symlinks/plugins/dchs_motion_sensors/ios`)
  - Flutter (from `Flutter`)

EXTERNAL SOURCES:
  dchs_motion_sensors:
    :path: ".symlinks/plugins/dchs_motion_sensors/ios"
  Flutter:
    :path: Flutter

SPEC CHECKSUMS:
  dchs_motion_sensors: 9cef816635a39345cda9f0c4943e061f6429f453
  Flutter: e0871f40cf51350855a761d2e70bf5af5b9b5de7

PODFILE CHECKSUM: 819463e6a0290f5a72f145ba7cde16e8b6ef0796

COCOAPODS: 1.16.2
